
Microsoft Visual Studio Solution File, Format Version 12.00
# Visual Studio Version 17
VisualStudioVersion = 17.5.002.0
MinimumVisualStudioVersion = 10.0.40219.1
Project("{9A19103F-16F7-4668-BE54-9A1E7A4F7556}") = "Assignment2", "Assignment2.csproj", "{367EC0ED-8025-4524-910C-CF5DFA3D1806}"
EndProject
Global
	GlobalSection(SolutionConfigurationPlatforms) = preSolution
		Debug|Any CPU = Debug|Any CPU
		Release|Any CPU = Release|Any CPU
	EndGlobalSection
	GlobalSection(ProjectConfigurationPlatforms) = postSolution
		{367EC0ED-8025-4524-910C-CF5DFA3D1806}.Debug|Any CPU.ActiveCfg = Debug|Any CPU
		{367EC0ED-8025-4524-910C-CF5DFA3D1806}.Debug|Any CPU.Build.0 = Debug|Any CPU
		{367EC0ED-8025-4524-910C-CF5DFA3D1806}.Release|Any CPU.ActiveCfg = Release|Any CPU
		{367EC0ED-8025-4524-910C-CF5DFA3D1806}.Release|Any CPU.Build.0 = Release|Any CPU
	EndGlobalSection
	GlobalSection(SolutionProperties) = preSolution
		HideSolutionNode = FALSE
	EndGlobalSection
	GlobalSection(ExtensibilityGlobals) = postSolution
		SolutionGuid = {AFD68349-47D2-4337-9653-34344DF13E6E}
	EndGlobalSection
EndGlobal
